
Microsoft Visual Studio Solution File, Format Version 12.00
# Visual Studio Version 16
VisualStudioVersion = 16.0.30717.126
MinimumVisualStudioVersion = 10.0.40219.1
Project("{FAE04EC0-301F-11D3-BF4B-00C04F79EFBC}") = "DataManager", "DataManager\DataManager.csproj", "{C5DD1246-85E8-4979-885B-B57987E03334}"
EndProject
Project("{00D1A9C2-B5F0-4AF3-8072-F6C62B433612}") = "RetailManagerData", "RetailManagerData\RetailManagerData.sqlproj", "{48D47DAF-0C4D-4653-88E6-6440738F7C49}"
EndProject
Project("{FAE04EC0-301F-11D3-BF4B-00C04F79EFBC}") = "WPFUserInterface", "WPFUserInterface\WPFUserInterface.csproj", "{1B639589-9962-4BAE-A2DE-8C5EFD314336}"
EndProject
Project("{FAE04EC0-301F-11D3-BF4B-00C04F79EFBC}") = "DataManager.Library", "DataManager.Library\DataManager.Library.csproj", "{383637B3-A964-4ED0-8281-139C44F7A5B8}"
EndProject
Global
	GlobalSection(SolutionConfigurationPlatforms) = preSolution
		Debug|Any CPU = Debug|Any CPU
		Release|Any CPU = Release|Any CPU
	EndGlobalSection
	GlobalSection(ProjectConfigurationPlatforms) = postSolution
		{C5DD1246-85E8-4979-885B-B57987E03334}.Debug|Any CPU.ActiveCfg = Debug|Any CPU
		{C5DD1246-85E8-4979-885B-B57987E03334}.Debug|Any CPU.Build.0 = Debug|Any CPU
		{C5DD1246-85E8-4979-885B-B57987E03334}.Release|Any CPU.ActiveCfg = Release|Any CPU
		{C5DD1246-85E8-4979-885B-B57987E03334}.Release|Any CPU.Build.0 = Release|Any CPU
		{48D47DAF-0C4D-4653-88E6-6440738F7C49}.Debug|Any CPU.ActiveCfg = Debug|Any CPU
		{48D47DAF-0C4D-4653-88E6-6440738F7C49}.Debug|Any CPU.Build.0 = Debug|Any CPU
		{48D47DAF-0C4D-4653-88E6-6440738F7C49}.Debug|Any CPU.Deploy.0 = Debug|Any CPU
		{48D47DAF-0C4D-4653-88E6-6440738F7C49}.Release|Any CPU.ActiveCfg = Release|Any CPU
		{48D47DAF-0C4D-4653-88E6-6440738F7C49}.Release|Any CPU.Build.0 = Release|Any CPU
		{48D47DAF-0C4D-4653-88E6-6440738F7C49}.Release|Any CPU.Deploy.0 = Release|Any CPU
		{1B639589-9962-4BAE-A2DE-8C5EFD314336}.Debug|Any CPU.ActiveCfg = Debug|Any CPU
		{1B639589-9962-4BAE-A2DE-8C5EFD314336}.Debug|Any CPU.Build.0 = Debug|Any CPU
		{1B639589-9962-4BAE-A2DE-8C5EFD314336}.Release|Any CPU.ActiveCfg = Release|Any CPU
		{1B639589-9962-4BAE-A2DE-8C5EFD314336}.Release|Any CPU.Build.0 = Release|Any CPU
		{383637B3-A964-4ED0-8281-139C44F7A5B8}.Debug|Any CPU.ActiveCfg = Debug|Any CPU
		{383637B3-A964-4ED0-8281-139C44F7A5B8}.Debug|Any CPU.Build.0 = Debug|Any CPU
		{383637B3-A964-4ED0-8281-139C44F7A5B8}.Release|Any CPU.ActiveCfg = Release|Any CPU
		{383637B3-A964-4ED0-8281-139C44F7A5B8}.Release|Any CPU.Build.0 = Release|Any CPU
	EndGlobalSection
	GlobalSection(SolutionProperties) = preSolution
		HideSolutionNode = FALSE
	EndGlobalSection
	GlobalSection(ExtensibilityGlobals) = postSolution
		SolutionGuid = {8F129E09-45B1-4653-AE39-A73635CAEA8C}
	EndGlobalSection
EndGlobal
